
Microsoft Visual Studio Solution File, Format Version 12.00
# Visual Studio Version 16
VisualStudioVersion = 16.0.29728.190
MinimumVisualStudioVersion = 10.0.40219.1
Project("{FAE04EC0-301F-11D3-BF4B-00C04F79EFBC}") = "SudokuFu.Desktop", "SudokuFu.Desktop\SudokuFu.Desktop.csproj", "{53F18C47-E76F-4A67-B807-BCE206EE1FE6}"
EndProject
Project("{D954291E-2A0B-460D-934E-DC6B0785DB48}") = "SudokuFu.Shared", "SudokuFu.Shared\SudokuFu.Shared.shproj", "{A0CDBD0E-3A41-42B7-9425-A838BC2C7383}"
EndProject
Project("{2150E333-8FDC-42A3-9474-1A3956D46DE8}") = "Game", "Game", "{DB724524-E090-4D25-A0C7-5D86B7A42B27}"
EndProject
Project("{2150E333-8FDC-42A3-9474-1A3956D46DE8}") = "Template", "Template", "{EE06387A-13ED-4F32-9B4D-5FBAC5A7EC6A}"
EndProject
Project("{FAE04EC0-301F-11D3-BF4B-00C04F79EFBC}") = "MonogameTemplate", "SupportingFiles\MonogameTemplate\MonogameTemplate.csproj", "{973062B3-2669-4D96-A967-09440EAC9D39}"
EndProject
Project("{FAE04EC0-301F-11D3-BF4B-00C04F79EFBC}") = "SudokuFu.Android", "SudokuFu.Android\SudokuFu.Android.csproj", "{464F4729-AF88-4B70-B2DD-B4C8A08A5DFD}"
EndProject
Global
	GlobalSection(SharedMSBuildProjectFiles) = preSolution
		SudokuFu.Shared\SudokuFu.Shared.projitems*{464f4729-af88-4b70-b2dd-b4c8a08a5dfd}*SharedItemsImports = 4
		SudokuFu.Shared\SudokuFu.Shared.projitems*{53f18c47-e76f-4a67-b807-bce206ee1fe6}*SharedItemsImports = 4
		SudokuFu.Shared\SudokuFu.Shared.projitems*{a0cdbd0e-3a41-42b7-9425-a838bc2c7383}*SharedItemsImports = 13
	EndGlobalSection
	GlobalSection(SolutionConfigurationPlatforms) = preSolution
		Debug|Any CPU = Debug|Any CPU
		Release|Any CPU = Release|Any CPU
	EndGlobalSection
	GlobalSection(ProjectConfigurationPlatforms) = postSolution
		{53F18C47-E76F-4A67-B807-BCE206EE1FE6}.Debug|Any CPU.ActiveCfg = Debug|Any CPU
		{53F18C47-E76F-4A67-B807-BCE206EE1FE6}.Debug|Any CPU.Build.0 = Debug|Any CPU
		{53F18C47-E76F-4A67-B807-BCE206EE1FE6}.Release|Any CPU.ActiveCfg = Release|Any CPU
		{53F18C47-E76F-4A67-B807-BCE206EE1FE6}.Release|Any CPU.Build.0 = Release|Any CPU
		{973062B3-2669-4D96-A967-09440EAC9D39}.Debug|Any CPU.ActiveCfg = Debug|Any CPU
		{973062B3-2669-4D96-A967-09440EAC9D39}.Debug|Any CPU.Build.0 = Debug|Any CPU
		{973062B3-2669-4D96-A967-09440EAC9D39}.Release|Any CPU.ActiveCfg = Release|Any CPU
		{973062B3-2669-4D96-A967-09440EAC9D39}.Release|Any CPU.Build.0 = Release|Any CPU
		{464F4729-AF88-4B70-B2DD-B4C8A08A5DFD}.Debug|Any CPU.ActiveCfg = Debug|Any CPU
		{464F4729-AF88-4B70-B2DD-B4C8A08A5DFD}.Debug|Any CPU.Build.0 = Debug|Any CPU
		{464F4729-AF88-4B70-B2DD-B4C8A08A5DFD}.Debug|Any CPU.Deploy.0 = Debug|Any CPU
		{464F4729-AF88-4B70-B2DD-B4C8A08A5DFD}.Release|Any CPU.ActiveCfg = Release|Any CPU
		{464F4729-AF88-4B70-B2DD-B4C8A08A5DFD}.Release|Any CPU.Build.0 = Release|Any CPU
		{464F4729-AF88-4B70-B2DD-B4C8A08A5DFD}.Release|Any CPU.Deploy.0 = Release|Any CPU
	EndGlobalSection
	GlobalSection(SolutionProperties) = preSolution
		HideSolutionNode = FALSE
	EndGlobalSection
	GlobalSection(NestedProjects) = preSolution
		{53F18C47-E76F-4A67-B807-BCE206EE1FE6} = {DB724524-E090-4D25-A0C7-5D86B7A42B27}
		{A0CDBD0E-3A41-42B7-9425-A838BC2C7383} = {DB724524-E090-4D25-A0C7-5D86B7A42B27}
		{973062B3-2669-4D96-A967-09440EAC9D39} = {EE06387A-13ED-4F32-9B4D-5FBAC5A7EC6A}
		{464F4729-AF88-4B70-B2DD-B4C8A08A5DFD} = {DB724524-E090-4D25-A0C7-5D86B7A42B27}
	EndGlobalSection
	GlobalSection(ExtensibilityGlobals) = postSolution
		SolutionGuid = {D3F74B27-D354-45E8-828F-841D5056FF88}
	EndGlobalSection
EndGlobal
